
Microsoft Visual Studio Solution File, Format Version 12.00
# Visual Studio Version 17
Project("{8BC9CEB8-8B4A-11D0-8D11-00A0C91BC942}") = "VizualEditor", "VizualEditor\VizualEditor.vcxproj", "{67AA174E-530D-A7F2-FC92-DFA8E8D47275}"
	ProjectSection(ProjectDependencies) = postProject
		{B657CB4E-A2BA-5AF3-4B40-93A937822676} = {B657CB4E-A2BA-5AF3-4B40-93A937822676}
	EndProjectSection
EndProject
Project("{8BC9CEB8-8B4A-11D0-8D11-00A0C91BC942}") = "VizualEngine", "VizualEngine\VizualEngine.vcxproj", "{B657CB4E-A2BA-5AF3-4B40-93A937822676}"
EndProject
Global
	GlobalSection(SolutionConfigurationPlatforms) = preSolution
		Debug|x64 = Debug|x64
		Dist|x64 = Dist|x64
		Release|x64 = Release|x64
	EndGlobalSection
	GlobalSection(ProjectConfigurationPlatforms) = postSolution
		{67AA174E-530D-A7F2-FC92-DFA8E8D47275}.Debug|x64.ActiveCfg = Debug|x64
		{67AA174E-530D-A7F2-FC92-DFA8E8D47275}.Debug|x64.Build.0 = Debug|x64
		{67AA174E-530D-A7F2-FC92-DFA8E8D47275}.Dist|x64.ActiveCfg = Dist|x64
		{67AA174E-530D-A7F2-FC92-DFA8E8D47275}.Dist|x64.Build.0 = Dist|x64
		{67AA174E-530D-A7F2-FC92-DFA8E8D47275}.Release|x64.ActiveCfg = Release|x64
		{67AA174E-530D-A7F2-FC92-DFA8E8D47275}.Release|x64.Build.0 = Release|x64
		{B657CB4E-A2BA-5AF3-4B40-93A937822676}.Debug|x64.ActiveCfg = Debug|x64
		{B657CB4E-A2BA-5AF3-4B40-93A937822676}.Debug|x64.Build.0 = Debug|x64
		{B657CB4E-A2BA-5AF3-4B40-93A937822676}.Dist|x64.ActiveCfg = Dist|x64
		{B657CB4E-A2BA-5AF3-4B40-93A937822676}.Dist|x64.Build.0 = Dist|x64
		{B657CB4E-A2BA-5AF3-4B40-93A937822676}.Release|x64.ActiveCfg = Release|x64
		{B657CB4E-A2BA-5AF3-4B40-93A937822676}.Release|x64.Build.0 = Release|x64
	EndGlobalSection
	GlobalSection(SolutionProperties) = preSolution
		HideSolutionNode = FALSE
	EndGlobalSection
EndGlobal
